
Microsoft Visual Studio Solution File, Format Version 12.00
# Visual Studio Version 16
VisualStudioVersion = 16.0.31129.286
MinimumVisualStudioVersion = 10.0.40219.1
Project("{FAE04EC0-301F-11D3-BF4B-00C04F79EFBC}") = "Model", "Model\Model.csproj", "{80D5CEBE-95A1-444C-A651-976B0D032DAA}"
EndProject
Project("{FAE04EC0-301F-11D3-BF4B-00C04F79EFBC}") = "DAL", "DAL\DAL.csproj", "{65A3E4C4-4104-4899-878C-844251B50B17}"
EndProject
Project("{FAE04EC0-301F-11D3-BF4B-00C04F79EFBC}") = "Core", "Core\Core.csproj", "{68315E28-8D72-43F9-B6E9-435F67963B25}"
EndProject
Project("{FAE04EC0-301F-11D3-BF4B-00C04F79EFBC}") = "BLL", "BLL\BLL.csproj", "{0F7D20AF-CC5C-4B27-B327-24077CD13A94}"
EndProject
Project("{FAE04EC0-301F-11D3-BF4B-00C04F79EFBC}") = "UI", "UI\UI.csproj", "{0E0D4464-C07D-441D-B538-726C4C383BAD}"
EndProject
Global
	GlobalSection(SolutionConfigurationPlatforms) = preSolution
		Debug|Any CPU = Debug|Any CPU
		Release|Any CPU = Release|Any CPU
	EndGlobalSection
	GlobalSection(ProjectConfigurationPlatforms) = postSolution
		{80D5CEBE-95A1-444C-A651-976B0D032DAA}.Debug|Any CPU.ActiveCfg = Debug|Any CPU
		{80D5CEBE-95A1-444C-A651-976B0D032DAA}.Debug|Any CPU.Build.0 = Debug|Any CPU
		{80D5CEBE-95A1-444C-A651-976B0D032DAA}.Release|Any CPU.ActiveCfg = Release|Any CPU
		{80D5CEBE-95A1-444C-A651-976B0D032DAA}.Release|Any CPU.Build.0 = Release|Any CPU
		{65A3E4C4-4104-4899-878C-844251B50B17}.Debug|Any CPU.ActiveCfg = Debug|Any CPU
		{65A3E4C4-4104-4899-878C-844251B50B17}.Debug|Any CPU.Build.0 = Debug|Any CPU
		{65A3E4C4-4104-4899-878C-844251B50B17}.Release|Any CPU.ActiveCfg = Release|Any CPU
		{65A3E4C4-4104-4899-878C-844251B50B17}.Release|Any CPU.Build.0 = Release|Any CPU
		{68315E28-8D72-43F9-B6E9-435F67963B25}.Debug|Any CPU.ActiveCfg = Debug|Any CPU
		{68315E28-8D72-43F9-B6E9-435F67963B25}.Debug|Any CPU.Build.0 = Debug|Any CPU
		{68315E28-8D72-43F9-B6E9-435F67963B25}.Release|Any CPU.ActiveCfg = Release|Any CPU
		{68315E28-8D72-43F9-B6E9-435F67963B25}.Release|Any CPU.Build.0 = Release|Any CPU
		{0F7D20AF-CC5C-4B27-B327-24077CD13A94}.Debug|Any CPU.ActiveCfg = Debug|Any CPU
		{0F7D20AF-CC5C-4B27-B327-24077CD13A94}.Debug|Any CPU.Build.0 = Debug|Any CPU
		{0F7D20AF-CC5C-4B27-B327-24077CD13A94}.Release|Any CPU.ActiveCfg = Release|Any CPU
		{0F7D20AF-CC5C-4B27-B327-24077CD13A94}.Release|Any CPU.Build.0 = Release|Any CPU
		{0E0D4464-C07D-441D-B538-726C4C383BAD}.Debug|Any CPU.ActiveCfg = Debug|Any CPU
		{0E0D4464-C07D-441D-B538-726C4C383BAD}.Debug|Any CPU.Build.0 = Debug|Any CPU
		{0E0D4464-C07D-441D-B538-726C4C383BAD}.Release|Any CPU.ActiveCfg = Release|Any CPU
		{0E0D4464-C07D-441D-B538-726C4C383BAD}.Release|Any CPU.Build.0 = Release|Any CPU
	EndGlobalSection
	GlobalSection(SolutionProperties) = preSolution
		HideSolutionNode = FALSE
	EndGlobalSection
	GlobalSection(ExtensibilityGlobals) = postSolution
		SolutionGuid = {D4A9C3D0-1F3B-439D-8151-44A28DA91F3C}
	EndGlobalSection
EndGlobal
